// !$*UTF8*$!
{
	archiveVersion = 1;
	classes = {
	};
	objectVersion = 56;
	objects = {

/* Begin PBXBuildFile section */
		527F72EA29E9242A00D338EE /* main.cpp in Sources */ = {isa = PBXBuildFile; fileRef = 527F72E929E9242A00D338EE /* main.cpp */; };
/* End PBXBuildFile section */

/* Begin PBXCopyFilesBuildPhase section */
		527F72E429E9242A00D338EE /* CopyFiles */ = {
			isa = PBXCopyFilesBuildPhase;
			buildActionMask = 2147483647;
			dstPath = /usr/share/man/man1/;
			dstSubfolderSpec = 0;
			files = (
			);
			runOnlyForDeploymentPostprocessing = 1;
		};
/* End PBXCopyFilesBuildPhase section */

/* Begin PBXFileReference section */
		522D9A302A3C29F400B8949E /* defs.h */ = {isa = PBXFileReference; lastKnownFileType = sourcecode.c.h; path = defs.h; sourceTree = "<group>"; };
		522D9A332A3C4E6800B8949E /* ProcessRawRecData.h */ = {isa = PBXFileReference; lastKnownFileType = sourcecode.c.h; path = ProcessRawRecData.h; sourceTree = "<group>"; };
		527879CC2A371E9800CE997F /* recPack.h */ = {isa = PBXFileReference; lastKnownFileType = sourcecode.c.h; path = recPack.h; sourceTree = "<group>"; };
		527879CD2A371EE300CE997F /* recEllipse.h */ = {isa = PBXFileReference; lastKnownFileType = sourcecode.c.h; path = recEllipse.h; sourceTree = "<group>"; };
		527F72E629E9242A00D338EE /* RICH Analysis */ = {isa = PBXFileReference; explicitFileType = "compiled.mach-o.executable"; includeInIndex = 0; path = "RICH Analysis"; sourceTree = BUILT_PRODUCTS_DIR; };
		527F72E929E9242A00D338EE /* main.cpp */ = {isa = PBXFileReference; lastKnownFileType = sourcecode.cpp.cpp; path = main.cpp; sourceTree = "<group>"; };
		52C43C252A2F94FC00B039FE /* weightModel.h */ = {isa = PBXFileReference; lastKnownFileType = sourcecode.c.h; path = weightModel.h; sourceTree = "<group>"; };
		52C43C272A2F9CB700B039FE /* tooLib.h */ = {isa = PBXFileReference; lastKnownFileType = sourcecode.c.h; path = tooLib.h; sourceTree = "<group>"; };
		52C43C282A2F9D2600B039FE /* myTree.h */ = {isa = PBXFileReference; lastKnownFileType = sourcecode.c.h; path = myTree.h; sourceTree = "<group>"; };
		52C43C2D2A30503200B039FE /* sharedHeader.h */ = {isa = PBXFileReference; lastKnownFileType = sourcecode.c.h; path = sharedHeader.h; sourceTree = "<group>"; };
		52C43C302A319BC900B039FE /* testFunctions.h */ = {isa = PBXFileReference; lastKnownFileType = sourcecode.c.h; path = testFunctions.h; sourceTree = "<group>"; };
/* End PBXFileReference section */

/* Begin PBXFrameworksBuildPhase section */
		527F72E329E9242A00D338EE /* Frameworks */ = {
			isa = PBXFrameworksBuildPhase;
			buildActionMask = 2147483647;
			files = (
			);
			runOnlyForDeploymentPostprocessing = 0;
		};
/* End PBXFrameworksBuildPhase section */

/* Begin PBXGroup section */
		522D9A312A3C4DE000B8949E /* BetaRec */ = {
			isa = PBXGroup;
			children = (
				52C43C252A2F94FC00B039FE /* weightModel.h */,
				52C43C302A319BC900B039FE /* testFunctions.h */,
				527879CD2A371EE300CE997F /* recEllipse.h */,
				522D9A302A3C29F400B8949E /* defs.h */,
				527F72E929E9242A00D338EE /* main.cpp */,
			);
			path = BetaRec;
			sourceTree = "<group>";
		};
		522D9A322A3C4DF900B8949E /* RefractiveIndex */ = {
			isa = PBXGroup;
			children = (
				522D9A332A3C4E6800B8949E /* ProcessRawRecData.h */,
			);
			path = RefractiveIndex;
			sourceTree = "<group>";
		};
		527F72DD29E9242A00D338EE = {
			isa = PBXGroup;
			children = (
				52C43C262A2F9CA600B039FE /* tooLib */,
				527F72E829E9242A00D338EE /* RICH Analysis */,
				527F72E729E9242A00D338EE /* Products */,
			);
			sourceTree = "<group>";
		};
		527F72E729E9242A00D338EE /* Products */ = {
			isa = PBXGroup;
			children = (
				527F72E629E9242A00D338EE /* RICH Analysis */,
			);
			name = Products;
			sourceTree = "<group>";
		};
		527F72E829E9242A00D338EE /* RICH Analysis */ = {
			isa = PBXGroup;
			children = (
				522D9A322A3C4DF900B8949E /* RefractiveIndex */,
				522D9A312A3C4DE000B8949E /* BetaRec */,
			);
			path = "RICH Analysis";
			sourceTree = "<group>";
			usesTabs = 1;
		};
		52C43C262A2F9CA600B039FE /* tooLib */ = {
			isa = PBXGroup;
			children = (
				52C43C272A2F9CB700B039FE /* tooLib.h */,
				52C43C282A2F9D2600B039FE /* myTree.h */,
				527879CC2A371E9800CE997F /* recPack.h */,
				52C43C2D2A30503200B039FE /* sharedHeader.h */,
			);
			path = tooLib;
			sourceTree = "<group>";
		};
/* End PBXGroup section */

/* Begin PBXNativeTarget section */
		527F72E529E9242A00D338EE /* RICH Analysis */ = {
			isa = PBXNativeTarget;
			buildConfigurationList = 527F72ED29E9242A00D338EE /* Build configuration list for PBXNativeTarget "RICH Analysis" */;
			buildPhases = (
				527F72E229E9242A00D338EE /* Sources */,
				527F72E329E9242A00D338EE /* Frameworks */,
				527F72E429E9242A00D338EE /* CopyFiles */,
			);
			buildRules = (
			);
			dependencies = (
			);
			name = "RICH Analysis";
			productName = "RICH Analysis";
			productReference = 527F72E629E9242A00D338EE /* RICH Analysis */;
			productType = "com.apple.product-type.tool";
		};
/* End PBXNativeTarget section */

/* Begin PBXProject section */
		527F72DE29E9242A00D338EE /* Project object */ = {
			isa = PBXProject;
			attributes = {
				BuildIndependentTargetsInParallel = 1;
				LastUpgradeCheck = 1430;
				TargetAttributes = {
					527F72E529E9242A00D338EE = {
						CreatedOnToolsVersion = 14.3;
					};
				};
			};
			buildConfigurationList = 527F72E129E9242A00D338EE /* Build configuration list for PBXProject "RICH Analysis" */;
			compatibilityVersion = "Xcode 14.0";
			developmentRegion = en;
			hasScannedForEncodings = 0;
			knownRegions = (
				en,
				Base,
			);
			mainGroup = 527F72DD29E9242A00D338EE;
			productRefGroup = 527F72E729E9242A00D338EE /* Products */;
			projectDirPath = "";
			projectRoot = "";
			targets = (
				527F72E529E9242A00D338EE /* RICH Analysis */,
			);
		};
/* End PBXProject section */

/* Begin PBXSourcesBuildPhase section */
		527F72E229E9242A00D338EE /* Sources */ = {
			isa = PBXSourcesBuildPhase;
			buildActionMask = 2147483647;
			files = (
				527F72EA29E9242A00D338EE /* main.cpp in Sources */,
			);
			runOnlyForDeploymentPostprocessing = 0;
		};
/* End PBXSourcesBuildPhase section */

/* Begin XCBuildConfiguration section */
		527F72EB29E9242A00D338EE /* Debug */ = {
			isa = XCBuildConfiguration;
			buildSettings = {
				ALWAYS_SEARCH_USER_PATHS = NO;
				CLANG_ANALYZER_NONNULL = YES;
				CLANG_ANALYZER_NUMBER_OBJECT_CONVERSION = YES_AGGRESSIVE;
				CLANG_CXX_LANGUAGE_STANDARD = "gnu++20";
				CLANG_ENABLE_MODULES = YES;
				CLANG_ENABLE_OBJC_ARC = YES;
				CLANG_ENABLE_OBJC_WEAK = YES;
				CLANG_WARN_BLOCK_CAPTURE_AUTORELEASING = YES;
				CLANG_WARN_BOOL_CONVERSION = YES;
				CLANG_WARN_COMMA = YES;
				CLANG_WARN_CONSTANT_CONVERSION = YES;
				CLANG_WARN_DEPRECATED_OBJC_IMPLEMENTATIONS = YES;
				CLANG_WARN_DIRECT_OBJC_ISA_USAGE = YES_ERROR;
				CLANG_WARN_DOCUMENTATION_COMMENTS = YES;
				CLANG_WARN_EMPTY_BODY = YES;
				CLANG_WARN_ENUM_CONVERSION = YES;
				CLANG_WARN_INFINITE_RECURSION = YES;
				CLANG_WARN_INT_CONVERSION = YES;
				CLANG_WARN_NON_LITERAL_NULL_CONVERSION = YES;
				CLANG_WARN_OBJC_IMPLICIT_RETAIN_SELF = YES;
				CLANG_WARN_OBJC_LITERAL_CONVERSION = YES;
				CLANG_WARN_OBJC_ROOT_CLASS = YES_ERROR;
				CLANG_WARN_QUOTED_INCLUDE_IN_FRAMEWORK_HEADER = YES;
				CLANG_WARN_RANGE_LOOP_ANALYSIS = YES;
				CLANG_WARN_STRICT_PROTOTYPES = YES;
				CLANG_WARN_SUSPICIOUS_MOVE = YES;
				CLANG_WARN_UNGUARDED_AVAILABILITY = YES_AGGRESSIVE;
				CLANG_WARN_UNREACHABLE_CODE = YES;
				CLANG_WARN__DUPLICATE_METHOD_MATCH = YES;
				COPY_PHASE_STRIP = NO;
				DEBUG_INFORMATION_FORMAT = dwarf;
				ENABLE_STRICT_OBJC_MSGSEND = YES;
				ENABLE_TESTABILITY = YES;
				GCC_C_LANGUAGE_STANDARD = gnu11;
				GCC_DYNAMIC_NO_PIC = NO;
				GCC_NO_COMMON_BLOCKS = YES;
				GCC_OPTIMIZATION_LEVEL = 0;
				GCC_PREPROCESSOR_DEFINITIONS = (
					"DEBUG=1",
					"$(inherited)",
				);
				GCC_WARN_64_TO_32_BIT_CONVERSION = YES;
				GCC_WARN_ABOUT_RETURN_TYPE = YES_ERROR;
				GCC_WARN_UNDECLARED_SELECTOR = YES;
				GCC_WARN_UNINITIALIZED_AUTOS = YES_AGGRESSIVE;
				GCC_WARN_UNUSED_FUNCTION = YES;
				GCC_WARN_UNUSED_VARIABLE = YES;
				MACOSX_DEPLOYMENT_TARGET = 13.0;
				MTL_ENABLE_DEBUG_INFO = INCLUDE_SOURCE;
				MTL_FAST_MATH = YES;
				ONLY_ACTIVE_ARCH = YES;
				SDKROOT = macosx;
			};
			name = Debug;
		};
		527F72EC29E9242A00D338EE /* Release */ = {
			isa = XCBuildConfiguration;
			buildSettings = {
				ALWAYS_SEARCH_USER_PATHS = NO;
				CLANG_ANALYZER_NONNULL = YES;
				CLANG_ANALYZER_NUMBER_OBJECT_CONVERSION = YES_AGGRESSIVE;
				CLANG_CXX_LANGUAGE_STANDARD = "gnu++20";
				CLANG_ENABLE_MODULES = YES;
				CLANG_ENABLE_OBJC_ARC = YES;
				CLANG_ENABLE_OBJC_WEAK = YES;
				CLANG_WARN_BLOCK_CAPTURE_AUTORELEASING = YES;
				CLANG_WARN_BOOL_CONVERSION = YES;
				CLANG_WARN_COMMA = YES;
				CLANG_WARN_CONSTANT_CONVERSION = YES;
				CLANG_WARN_DEPRECATED_OBJC_IMPLEMENTATIONS = YES;
				CLANG_WARN_DIRECT_OBJC_ISA_USAGE = YES_ERROR;
				CLANG_WARN_DOCUMENTATION_COMMENTS = YES;
				CLANG_WARN_EMPTY_BODY = YES;
				CLANG_WARN_ENUM_CONVERSION = YES;
				CLANG_WARN_INFINITE_RECURSION = YES;
				CLANG_WARN_INT_CONVERSION = YES;
				CLANG_WARN_NON_LITERAL_NULL_CONVERSION = YES;
				CLANG_WARN_OBJC_IMPLICIT_RETAIN_SELF = YES;
				CLANG_WARN_OBJC_LITERAL_CONVERSION = YES;
				CLANG_WARN_OBJC_ROOT_CLASS = YES_ERROR;
				CLANG_WARN_QUOTED_INCLUDE_IN_FRAMEWORK_HEADER = YES;
				CLANG_WARN_RANGE_LOOP_ANALYSIS = YES;
				CLANG_WARN_STRICT_PROTOTYPES = YES;
				CLANG_WARN_SUSPICIOUS_MOVE = YES;
				CLANG_WARN_UNGUARDED_AVAILABILITY = YES_AGGRESSIVE;
				CLANG_WARN_UNREACHABLE_CODE = YES;
				CLANG_WARN__DUPLICATE_METHOD_MATCH = YES;
				COPY_PHASE_STRIP = NO;
				DEBUG_INFORMATION_FORMAT = "dwarf-with-dsym";
				ENABLE_NS_ASSERTIONS = NO;
				ENABLE_STRICT_OBJC_MSGSEND = YES;
				GCC_C_LANGUAGE_STANDARD = gnu11;
				GCC_NO_COMMON_BLOCKS = YES;
				GCC_WARN_64_TO_32_BIT_CONVERSION = YES;
				GCC_WARN_ABOUT_RETURN_TYPE = YES_ERROR;
				GCC_WARN_UNDECLARED_SELECTOR = YES;
				GCC_WARN_UNINITIALIZED_AUTOS = YES_AGGRESSIVE;
				GCC_WARN_UNUSED_FUNCTION = YES;
				GCC_WARN_UNUSED_VARIABLE = YES;
				MACOSX_DEPLOYMENT_TARGET = 13.0;
				MTL_ENABLE_DEBUG_INFO = NO;
				MTL_FAST_MATH = YES;
				SDKROOT = macosx;
			};
			name = Release;
		};
		527F72EE29E9242A00D338EE /* Debug */ = {
			isa = XCBuildConfiguration;
			buildSettings = {
				ALWAYS_SEARCH_USER_PATHS = YES;
				CODE_SIGN_STYLE = Automatic;
				OTHER_LDFLAGS = (
					"-L/opt/homebrew/Cellar/root/6.28.04/lib/root",
					"-lCore",
					"-lImt",
					"-lRIO",
					"-lNet",
					"-lHist",
					"-lGraf",
					"-lGraf3d",
					"-lGpad",
					"-lROOTVecOps",
					"-lTree",
					"-lTreePlayer",
					"-lRint",
					"-lPostscript",
					"-lMatrix",
					"-lPhysics",
					"-lMathCore",
					"-lThread",
					"-lMultiProc",
					"-lROOTDataFrame",
					"-Wl,-rpath,/opt/homebrew/Cellar/root/6.28.04/lib/root",
					"-stdlib=libc++",
					"-lpthread",
					"-lm",
					"-ldl",
					"-L/opt/homebrew/Cellar/root/6.28.04/lib/root",
					"-lCore",
					"-lImt",
					"-lRIO",
					"-lNet",
					"-lHist",
					"-lGraf",
					"-lGraf3d",
					"-lGpad",
					"-lROOTVecOps",
					"-lTree",
					"-lTreePlayer",
					"-lRint",
					"-lPostscript",
					"-lMatrix",
					"-lPhysics",
					"-lMathCore",
					"-lThread",
					"-lMultiProc",
					"-lROOTDataFrame",
					"-Wl,-rpath,/opt/homebrew/Cellar/root/6.28.04/lib/root",
					"-stdlib=libc++",
					"-lpthread",
					"-lm",
					"-ldl",
					"-L$(ROOTSYS)/lib/root",
					"-lCore",
					"-lImt",
					"-lRIO",
					"-lNet",
					"-lHist",
					"-lGraf",
					"-lGraf3d",
					"-lGpad",
					"-lROOTVecOps",
					"-lTree",
					"-lTreePlayer",
					"-lRint",
					"-lPostscript",
					"-lMatrix",
					"-lPhysics",
					"-lMathCore",
					"-lThread",
					"-lMultiProc",
					"-lROOTDataFrame",
					"-Wl,-rpath,$(ROOTSYS)/lib/root",
					"-stdlib=libc++",
					"-lpthread",
					"-lm",
					"-ldl",
				);
				PRODUCT_NAME = "$(TARGET_NAME)";
				ROOTSYS = /opt/homebrew/Cellar/root/6.28.04;
				USER_HEADER_SEARCH_PATHS = "$(ROOTSYS)/include/root";
			};
			name = Debug;
		};
		527F72EF29E9242A00D338EE /* Release */ = {
			isa = XCBuildConfiguration;
			buildSettings = {
				ALWAYS_SEARCH_USER_PATHS = YES;
				CODE_SIGN_STYLE = Automatic;
				OTHER_LDFLAGS = (
					"-L/opt/homebrew/Cellar/root/6.28.04/lib/root",
					"-lCore",
					"-lImt",
					"-lRIO",
					"-lNet",
					"-lHist",
					"-lGraf",
					"-lGraf3d",
					"-lGpad",
					"-lROOTVecOps",
					"-lTree",
					"-lTreePlayer",
					"-lRint",
					"-lPostscript",
					"-lMatrix",
					"-lPhysics",
					"-lMathCore",
					"-lThread",
					"-lMultiProc",
					"-lROOTDataFrame",
					"-Wl,-rpath,/opt/homebrew/Cellar/root/6.28.04/lib/root",
					"-stdlib=libc++",
					"-lpthread",
					"-lm",
					"-ldl",
					"-L/opt/homebrew/Cellar/root/6.28.04/lib/root",
					"-lCore",
					"-lImt",
					"-lRIO",
					"-lNet",
					"-lHist",
					"-lGraf",
					"-lGraf3d",
					"-lGpad",
					"-lROOTVecOps",
					"-lTree",
					"-lTreePlayer",
					"-lRint",
					"-lPostscript",
					"-lMatrix",
					"-lPhysics",
					"-lMathCore",
					"-lThread",
					"-lMultiProc",
					"-lROOTDataFrame",
					"-Wl,-rpath,/opt/homebrew/Cellar/root/6.28.04/lib/root",
					"-stdlib=libc++",
					"-lpthread",
					"-lm",
					"-ldl",
					"-L$(ROOTSYS)/lib/root",
					"-lCore",
					"-lImt",
					"-lRIO",
					"-lNet",
					"-lHist",
					"-lGraf",
					"-lGraf3d",
					"-lGpad",
					"-lROOTVecOps",
					"-lTree",
					"-lTreePlayer",
					"-lRint",
					"-lPostscript",
					"-lMatrix",
					"-lPhysics",
					"-lMathCore",
					"-lThread",
					"-lMultiProc",
					"-lROOTDataFrame",
					"-Wl,-rpath,$(ROOTSYS)/lib/root",
					"-stdlib=libc++",
					"-lpthread",
					"-lm",
					"-ldl",
				);
				PRODUCT_NAME = "$(TARGET_NAME)";
				ROOTSYS = /opt/homebrew/Cellar/root/6.28.04;
				USER_HEADER_SEARCH_PATHS = "$(ROOTSYS)/include/root";
			};
			name = Release;
		};
/* End XCBuildConfiguration section */

/* Begin XCConfigurationList section */
		527F72E129E9242A00D338EE /* Build configuration list for PBXProject "RICH Analysis" */ = {
			isa = XCConfigurationList;
			buildConfigurations = (
				527F72EB29E9242A00D338EE /* Debug */,
				527F72EC29E9242A00D338EE /* Release */,
			);
			defaultConfigurationIsVisible = 0;
			defaultConfigurationName = Release;
		};
		527F72ED29E9242A00D338EE /* Build configuration list for PBXNativeTarget "RICH Analysis" */ = {
			isa = XCConfigurationList;
			buildConfigurations = (
				527F72EE29E9242A00D338EE /* Debug */,
				527F72EF29E9242A00D338EE /* Release */,
			);
			defaultConfigurationIsVisible = 0;
			defaultConfigurationName = Release;
		};
/* End XCConfigurationList section */
	};
	rootObject = 527F72DE29E9242A00D338EE /* Project object */;
}
